
Microsoft Visual Studio Solution File, Format Version 12.00
# Visual Studio Version 17
VisualStudioVersion = 17.0.31903.59
MinimumVisualStudioVersion = 10.0.40219.1
Project("{2150E333-8FDC-42A3-9474-1A3956D46DE8}") = "src", "src", "{C62A809B-501D-4AAB-A8BA-9F22076E59B7}"
EndProject
Project("{2150E333-8FDC-42A3-9474-1A3956D46DE8}") = "core", "core", "{750746A0-BFEE-49DE-8A11-7393DCD78636}"
EndProject
Project("{FAE04EC0-301F-11D3-BF4B-00C04F79EFBC}") = "Infrastructure", "src\core\Infrastructure\Infrastructure.csproj", "{13A0AE3F-AE46-46E0-882F-9A4B1AC87660}"
EndProject
Project("{FAE04EC0-301F-11D3-BF4B-00C04F79EFBC}") = "Web", "src\core\Web\Web.csproj", "{408AABF6-63DC-498E-B417-88664EB51964}"
EndProject
Global
	GlobalSection(SolutionConfigurationPlatforms) = preSolution
		Debug|Any CPU = Debug|Any CPU
		Release|Any CPU = Release|Any CPU
	EndGlobalSection
	GlobalSection(SolutionProperties) = preSolution
		HideSolutionNode = FALSE
	EndGlobalSection
	GlobalSection(ProjectConfigurationPlatforms) = postSolution
		{13A0AE3F-AE46-46E0-882F-9A4B1AC87660}.Debug|Any CPU.ActiveCfg = Debug|Any CPU
		{13A0AE3F-AE46-46E0-882F-9A4B1AC87660}.Debug|Any CPU.Build.0 = Debug|Any CPU
		{13A0AE3F-AE46-46E0-882F-9A4B1AC87660}.Release|Any CPU.ActiveCfg = Release|Any CPU
		{13A0AE3F-AE46-46E0-882F-9A4B1AC87660}.Release|Any CPU.Build.0 = Release|Any CPU
		{408AABF6-63DC-498E-B417-88664EB51964}.Debug|Any CPU.ActiveCfg = Debug|Any CPU
		{408AABF6-63DC-498E-B417-88664EB51964}.Debug|Any CPU.Build.0 = Debug|Any CPU
		{408AABF6-63DC-498E-B417-88664EB51964}.Release|Any CPU.ActiveCfg = Release|Any CPU
		{408AABF6-63DC-498E-B417-88664EB51964}.Release|Any CPU.Build.0 = Release|Any CPU
	EndGlobalSection
	GlobalSection(NestedProjects) = preSolution
		{750746A0-BFEE-49DE-8A11-7393DCD78636} = {C62A809B-501D-4AAB-A8BA-9F22076E59B7}
		{13A0AE3F-AE46-46E0-882F-9A4B1AC87660} = {750746A0-BFEE-49DE-8A11-7393DCD78636}
		{408AABF6-63DC-498E-B417-88664EB51964} = {750746A0-BFEE-49DE-8A11-7393DCD78636}
	EndGlobalSection
EndGlobal
